{
  "requires": true,
  "lockfileVersion": 1,
  "dependencies": {
    "get-youtube-id": {
      "version": "1.0.0",
      "resolved": "https://registry.npmjs.org/get-youtube-id/-/get-youtube-id-1.0.0.tgz",
      "integrity": "sha1-NnaAhIophCY1poInwtELCkkkVg8="
    },
    "gitbook-plugin-language-picker": {
      "version": "0.1.0",
      "resolved": "https://registry.npmjs.org/gitbook-plugin-language-picker/-/gitbook-plugin-language-picker-0.1.0.tgz",
      "integrity": "sha1-Ga6qCN6zlzRdtP1sm9t/Ba/wkT0="
    },
    "gitbook-plugin-youtube": {
      "version": "2.0.0",
      "resolved": "https://registry.npmjs.org/gitbook-plugin-youtube/-/gitbook-plugin-youtube-2.0.0.tgz",
      "integrity": "sha1-P54E8alrmzblcO41DH2Y+FSwT4o=",
      "requires": {
        "get-youtube-id": "1.0.0"
      }
    }
  }
}
