{
    "name": "honkit-plugin-reality-theme",
    "version": "0.0.1",
    "lockfileVersion": 3,
    "requires": true,
    "packages": {
        "": {
            "name": "honkit-plugin-reality-theme",
            "version": "0.0.1",
            "engines": {
                "honkit": ">1.x.x"
            }
        }
    }
}
